PODS:
  - AppCheckCore (11.0.0):
    - GoogleUtilities/Environment (~> 8.0)
    - GoogleUtilities/UserDefaults (~> 8.0)
    - PromisesObjC (~> 2.4)
  - file_selector_ios (0.0.1):
    - Flutter
  - Firebase/Auth (11.0.0):
    - Firebase/CoreOnly
    - FirebaseAuth (~> 11.0.0)
  - Firebase/CoreOnly (11.0.0):
    - FirebaseCore (= 11.0.0)
  - firebase_app_check (0.3.0-5):
    - Firebase/CoreOnly (~> 11.0.0)
    - firebase_core
    - FirebaseAppCheck (~> 11.0.0)
    - Flutter
  - firebase_auth (5.2.0):
    - Firebase/Auth (= 11.0.0)
    - firebase_core
    - Flutter
  - firebase_core (3.4.0):
    - Firebase/CoreOnly (= 11.0.0)
    - Flutter
  - FirebaseAppCheck (11.0.0):
    - AppCheckCore (~> 11.0)
    - FirebaseAppCheckInterop (~> 11.0)
    - FirebaseCore (~> 11.0)
    - GoogleUtilities/Environment (~> 8.0)
    - GoogleUtilities/UserDefaults (~> 8.0)
  - FirebaseAppCheckInterop (11.1.0)
  - FirebaseAuth (11.0.0):
    - FirebaseAppCheckInterop (~> 11.0)
    - FirebaseAuthInterop (~> 11.0)
    - FirebaseCore (~> 11.0)
    - FirebaseCoreExtension (~> 11.0)
    - GoogleUtilities/AppDelegateSwizzler (~> 8.0)
    - GoogleUtilities/Environment (~> 8.0)
    - GTMSessionFetcher/Core (~> 3.4)
    - RecaptchaInterop (~> 100.0)
  - FirebaseAuthInterop (11.1.0)
  - FirebaseCore (11.0.0):
    - FirebaseCoreInternal (~> 11.0)
    - GoogleUtilities/Environment (~> 8.0)
    - GoogleUtilities/Logger (~> 8.0)
  - FirebaseCoreExtension (11.1.0):
    - FirebaseCore (~> 11.0)
  - FirebaseCoreInternal (11.1.0):
    - "GoogleUtilities/NSData+zlib (~> 8.0)"
  - Flutter (1.0.0)
  - GoogleUtilities/AppDelegateSwizzler (8.0.2):
    - GoogleUtilities/Environment
    - GoogleUtilities/Logger
    - GoogleUtilities/Network
    - GoogleUtilities/Privacy
  - GoogleUtilities/Environment (8.0.2):
    - GoogleUtilities/Privacy
  - GoogleUtilities/Logger (8.0.2):
    - GoogleUtilities/Environment
    - GoogleUtilities/Privacy
  - GoogleUtilities/Network (8.0.2):
    - GoogleUtilities/Logger
    - "GoogleUtilities/NSData+zlib"
    - GoogleUtilities/Privacy
    - GoogleUtilities/Reachability
  - "GoogleUtilities/NSData+zlib (8.0.2)":
    - GoogleUtilities/Privacy
  - GoogleUtilities/Privacy (8.0.2)
  - GoogleUtilities/Reachability (8.0.2):
    - GoogleUtilities/Logger
    - GoogleUtilities/Privacy
  - GoogleUtilities/UserDefaults (8.0.2):
    - GoogleUtilities/Logger
    - GoogleUtilities/Privacy
  - GTMSessionFetcher/Core (3.5.0)
  - image_picker_ios (0.0.1):
    - Flutter
  - path_provider_foundation (0.0.1):
    - Flutter
    - FlutterMacOS
  - PromisesObjC (2.4.0)
  - RecaptchaInterop (100.0.0)
  - shared_preferences_foundation (0.0.1):
    - Flutter
    - FlutterMacOS
  - url_launcher_ios (0.0.1):
    - Flutter

DEPENDENCIES:
  - file_selector_ios (from `.symlinks/plugins/file_selector_ios/ios`)
  - firebase_app_check (from `.symlinks/plugins/firebase_app_check/ios`)
  - firebase_auth (from `.symlinks/plugins/firebase_auth/ios`)
  - firebase_core (from `.symlinks/plugins/firebase_core/ios`)
  - Flutter (from `Flutter`)
  - image_picker_ios (from `.symlinks/plugins/image_picker_ios/ios`)
  - path_provider_foundation (from `.symlinks/plugins/path_provider_foundation/darwin`)
  - shared_preferences_foundation (from `.symlinks/plugins/shared_preferences_foundation/darwin`)
  - url_launcher_ios (from `.symlinks/plugins/url_launcher_ios/ios`)

SPEC REPOS:
  trunk:
    - AppCheckCore
    - Firebase
    - FirebaseAppCheck
    - FirebaseAppCheckInterop
    - FirebaseAuth
    - FirebaseAuthInterop
    - FirebaseCore
    - FirebaseCoreExtension
    - FirebaseCoreInternal
    - GoogleUtilities
    - GTMSessionFetcher
    - PromisesObjC
    - RecaptchaInterop

EXTERNAL SOURCES:
  file_selector_ios:
    :path: ".symlinks/plugins/file_selector_ios/ios"
  firebase_app_check:
    :path: ".symlinks/plugins/firebase_app_check/ios"
  firebase_auth:
    :path: ".symlinks/plugins/firebase_auth/ios"
  firebase_core:
    :path: ".symlinks/plugins/firebase_core/ios"
  Flutter:
    :path: Flutter
  image_picker_ios:
    :path: ".symlinks/plugins/image_picker_ios/ios"
  path_provider_foundation:
    :path: ".symlinks/plugins/path_provider_foundation/darwin"
  shared_preferences_foundation:
    :path: ".symlinks/plugins/shared_preferences_foundation/darwin"
  url_launcher_ios:
    :path: ".symlinks/plugins/url_launcher_ios/ios"

SPEC CHECKSUMS:
  AppCheckCore: e25aaaac234b333320b0bebb8fc21ed3576819ba
  file_selector_ios: f0670c1064a8c8450e38145d8043160105d0b97c
  Firebase: 9f574c08c2396885b5e7e100ed4293d956218af9
  firebase_app_check: 7a3406cea985ca720725305c9a8ee640c8271da9
  firebase_auth: 16ac5db3d064db837ecd845080d7e18e4be7c66d
  firebase_core: ceec591a66629daaee82d3321551692c4a871493
  FirebaseAppCheck: 7cc2fe7e72d8205320734be2a98e20e24770bfd4
  FirebaseAppCheckInterop: e59b52f2c0e188e6ba77b9e3f6acead2117f2abf
  FirebaseAuth: d5cf28be74d7e82257f6a3f717509eff70d3cf4a
  FirebaseAuthInterop: 49e8faefaf254ce578e278a84a8fe0aebe23b546
  FirebaseCore: 3cf438f431f18c12cdf2aaf64434648b63f7e383
  FirebaseCoreExtension: aa5c9779c2d0d39d83f1ceb3fdbafe80c4feecfa
  FirebaseCoreInternal: adefedc9a88dbe393c4884640a73ec9e8e790f8c
  Flutter: e0871f40cf51350855a761d2e70bf5af5b9b5de7
  GoogleUtilities: 26a3abef001b6533cf678d3eb38fd3f614b7872d
  GTMSessionFetcher: 5aea5ba6bd522a239e236100971f10cb71b96ab6
  image_picker_ios: c560581cceedb403a6ff17f2f816d7fea1421fc1
  path_provider_foundation: 2b6b4c569c0fb62ec74538f866245ac84301af46
  PromisesObjC: f5707f49cb48b9636751c5b2e7d227e43fba9f47
  RecaptchaInterop: 7d1a4a01a6b2cb1610a47ef3f85f0c411434cb21
  shared_preferences_foundation: fcdcbc04712aee1108ac7fda236f363274528f78
  url_launcher_ios: 5334b05cef931de560670eeae103fd3e431ac3fe

PODFILE CHECKSUM: 819463e6a0290f5a72f145ba7cde16e8b6ef0796

COCOAPODS: 1.15.2
